
Microsoft Visual Studio Solution File, Format Version 12.00
# Visual Studio Version 16
VisualStudioVersion = 16.0.31205.134
MinimumVisualStudioVersion = 10.0.40219.1
Project("{FAE04EC0-301F-11D3-BF4B-00C04F79EFBC}") = "patern-matching", "patern-matching.csproj", "{99DF9120-B112-4B05-B086-11C716354DEB}"
EndProject
Global
	GlobalSection(SolutionConfigurationPlatforms) = preSolution
		Debug|Any CPU = Debug|Any CPU
		Release|Any CPU = Release|Any CPU
	EndGlobalSection
	GlobalSection(ProjectConfigurationPlatforms) = postSolution
		{99DF9120-B112-4B05-B086-11C716354DEB}.Debug|Any CPU.ActiveCfg = Debug|Any CPU
		{99DF9120-B112-4B05-B086-11C716354DEB}.Debug|Any CPU.Build.0 = Debug|Any CPU
		{99DF9120-B112-4B05-B086-11C716354DEB}.Release|Any CPU.ActiveCfg = Release|Any CPU
		{99DF9120-B112-4B05-B086-11C716354DEB}.Release|Any CPU.Build.0 = Release|Any CPU
	EndGlobalSection
	GlobalSection(SolutionProperties) = preSolution
		HideSolutionNode = FALSE
	EndGlobalSection
	GlobalSection(ExtensibilityGlobals) = postSolution
		SolutionGuid = {CDAF2385-EDF6-493D-AB46-E8233AFE0B75}
	EndGlobalSection
EndGlobal
